// !$*UTF8*$!
{
	archiveVersion = 1;
	classes = {
	};
	objectVersion = 56;
	objects = {

/* Begin PBXBuildFile section */
		34E268542C0B0E4700A485D9 /* WOWApp.swift in Sources */ = {isa = PBXBuildFile; fileRef = 34E268532C0B0E4700A485D9 /* WOWApp.swift */; };
		34E268562C0B0E4700A485D9 /* ContentView.swift in Sources */ = {isa = PBXBuildFile; fileRef = 34E268552C0B0E4700A485D9 /* ContentView.swift */; };
		34E268582C0B0E4800A485D9 /* Assets.xcassets in Resources */ = {isa = PBXBuildFile; fileRef = 34E268572C0B0E4800A485D9 /* Assets.xcassets */; };
		34E2685B2C0B0E4800A485D9 /* Preview Assets.xcassets in Resources */ = {isa = PBXBuildFile; fileRef = 34E2685A2C0B0E4800A485D9 /* Preview Assets.xcassets */; };
		34E268652C0B0E4800A485D9 /* WOWTests.swift in Sources */ = {isa = PBXBuildFile; fileRef = 34E268642C0B0E4800A485D9 /* WOWTests.swift */; };
		34E2686F2C0B0E4800A485D9 /* WOWUITests.swift in Sources */ = {isa = PBXBuildFile; fileRef = 34E2686E2C0B0E4800A485D9 /* WOWUITests.swift */; };
		34E268712C0B0E4800A485D9 /* WOWUITestsLaunchTests.swift in Sources */ = {isa = PBXBuildFile; fileRef = 34E268702C0B0E4800A485D9 /* WOWUITestsLaunchTests.swift */; };
/* End PBXBuildFile section */

/* Begin PBXContainerItemProxy section */
		34E268612C0B0E4800A485D9 /* PBXContainerItemProxy */ = {
			isa = PBXContainerItemProxy;
			containerPortal = 34E268482C0B0E4700A485D9 /* Project object */;
			proxyType = 1;
			remoteGlobalIDString = 34E2684F2C0B0E4700A485D9;
			remoteInfo = WOW;
		};
		34E2686B2C0B0E4800A485D9 /* PBXContainerItemProxy */ = {
			isa = PBXContainerItemProxy;
			containerPortal = 34E268482C0B0E4700A485D9 /* Project object */;
			proxyType = 1;
			remoteGlobalIDString = 34E2684F2C0B0E4700A485D9;
			remoteInfo = WOW;
		};
/* End PBXContainerItemProxy section */

/* Begin PBXFileReference section */
		34E268502C0B0E4700A485D9 /* WOW.app */ = {isa = PBXFileReference; explicitFileType = wrapper.application; includeInIndex = 0; path = WOW.app; sourceTree = BUILT_PRODUCTS_DIR; };
		34E268532C0B0E4700A485D9 /* WOWApp.swift */ = {isa = PBXFileReference; lastKnownFileType = sourcecode.swift; path = WOWApp.swift; sourceTree = "<group>"; };
		34E268552C0B0E4700A485D9 /* ContentView.swift */ = {isa = PBXFileReference; lastKnownFileType = sourcecode.swift; path = ContentView.swift; sourceTree = "<group>"; };
		34E268572C0B0E4800A485D9 /* Assets.xcassets */ = {isa = PBXFileReference; lastKnownFileType = folder.assetcatalog; path = Assets.xcassets; sourceTree = "<group>"; };
		34E2685A2C0B0E4800A485D9 /* Preview Assets.xcassets */ = {isa = PBXFileReference; lastKnownFileType = folder.assetcatalog; path = "Preview Assets.xcassets"; sourceTree = "<group>"; };
		34E268602C0B0E4800A485D9 /* WOWTests.xctest */ = {isa = PBXFileReference; explicitFileType = wrapper.cfbundle; includeInIndex = 0; path = WOWTests.xctest; sourceTree = BUILT_PRODUCTS_DIR; };
		34E268642C0B0E4800A485D9 /* WOWTests.swift */ = {isa = PBXFileReference; lastKnownFileType = sourcecode.swift; path = WOWTests.swift; sourceTree = "<group>"; };
		34E2686A2C0B0E4800A485D9 /* WOWUITests.xctest */ = {isa = PBXFileReference; explicitFileType = wrapper.cfbundle; includeInIndex = 0; path = WOWUITests.xctest; sourceTree = BUILT_PRODUCTS_DIR; };
		34E2686E2C0B0E4800A485D9 /* WOWUITests.swift */ = {isa = PBXFileReference; lastKnownFileType = sourcecode.swift; path = WOWUITests.swift; sourceTree = "<group>"; };
		34E268702C0B0E4800A485D9 /* WOWUITestsLaunchTests.swift */ = {isa = PBXFileReference; lastKnownFileType = sourcecode.swift; path = WOWUITestsLaunchTests.swift; sourceTree = "<group>"; };
/* End PBXFileReference section */

/* Begin PBXFrameworksBuildPhase section */
		34E2684D2C0B0E4700A485D9 /* Frameworks */ = {
			isa = PBXFrameworksBuildPhase;
			buildActionMask = 2147483647;
			files = (
			);
			runOnlyForDeploymentPostprocessing = 0;
		};
		34E2685D2C0B0E4800A485D9 /* Frameworks */ = {
			isa = PBXFrameworksBuildPhase;
			buildActionMask = 2147483647;
			files = (
			);
			runOnlyForDeploymentPostprocessing = 0;
		};
		34E268672C0B0E4800A485D9 /* Frameworks */ = {
			isa = PBXFrameworksBuildPhase;
			buildActionMask = 2147483647;
			files = (
			);
			runOnlyForDeploymentPostprocessing = 0;
		};
/* End PBXFrameworksBuildPhase section */

/* Begin PBXGroup section */
		34E268472C0B0E4700A485D9 = {
			isa = PBXGroup;
			children = (
				34E268522C0B0E4700A485D9 /* WOW */,
				34E268632C0B0E4800A485D9 /* WOWTests */,
				34E2686D2C0B0E4800A485D9 /* WOWUITests */,
				34E268512C0B0E4700A485D9 /* Products */,
			);
			sourceTree = "<group>";
		};
		34E268512C0B0E4700A485D9 /* Products */ = {
			isa = PBXGroup;
			children = (
				34E268502C0B0E4700A485D9 /* WOW.app */,
				34E268602C0B0E4800A485D9 /* WOWTests.xctest */,
				34E2686A2C0B0E4800A485D9 /* WOWUITests.xctest */,
			);
			name = Products;
			sourceTree = "<group>";
		};
		34E268522C0B0E4700A485D9 /* WOW */ = {
			isa = PBXGroup;
			children = (
				34E268532C0B0E4700A485D9 /* WOWApp.swift */,
				34E268552C0B0E4700A485D9 /* ContentView.swift */,
				34E268572C0B0E4800A485D9 /* Assets.xcassets */,
				34E268592C0B0E4800A485D9 /* Preview Content */,
			);
			path = WOW;
			sourceTree = "<group>";
		};
		34E268592C0B0E4800A485D9 /* Preview Content */ = {
			isa = PBXGroup;
			children = (
				34E2685A2C0B0E4800A485D9 /* Preview Assets.xcassets */,
			);
			path = "Preview Content";
			sourceTree = "<group>";
		};
		34E268632C0B0E4800A485D9 /* WOWTests */ = {
			isa = PBXGroup;
			children = (
				34E268642C0B0E4800A485D9 /* WOWTests.swift */,
			);
			path = WOWTests;
			sourceTree = "<group>";
		};
		34E2686D2C0B0E4800A485D9 /* WOWUITests */ = {
			isa = PBXGroup;
			children = (
				34E2686E2C0B0E4800A485D9 /* WOWUITests.swift */,
				34E268702C0B0E4800A485D9 /* WOWUITestsLaunchTests.swift */,
			);
			path = WOWUITests;
			sourceTree = "<group>";
		};
/* End PBXGroup section */

/* Begin PBXNativeTarget section */
		34E2684F2C0B0E4700A485D9 /* WOW */ = {
			isa = PBXNativeTarget;
			buildConfigurationList = 34E268742C0B0E4800A485D9 /* Build configuration list for PBXNativeTarget "WOW" */;
			buildPhases = (
				34E2684C2C0B0E4700A485D9 /* Sources */,
				34E2684D2C0B0E4700A485D9 /* Frameworks */,
				34E2684E2C0B0E4700A485D9 /* Resources */,
			);
			buildRules = (
			);
			dependencies = (
			);
			name = WOW;
			productName = WOW;
			productReference = 34E268502C0B0E4700A485D9 /* WOW.app */;
			productType = "com.apple.product-type.application";
		};
		34E2685F2C0B0E4800A485D9 /* WOWTests */ = {
			isa = PBXNativeTarget;
			buildConfigurationList = 34E268772C0B0E4800A485D9 /* Build configuration list for PBXNativeTarget "WOWTests" */;
			buildPhases = (
				34E2685C2C0B0E4800A485D9 /* Sources */,
				34E2685D2C0B0E4800A485D9 /* Frameworks */,
				34E2685E2C0B0E4800A485D9 /* Resources */,
			);
			buildRules = (
			);
			dependencies = (
				34E268622C0B0E4800A485D9 /* PBXTargetDependency */,
			);
			name = WOWTests;
			productName = WOWTests;
			productReference = 34E268602C0B0E4800A485D9 /* WOWTests.xctest */;
			productType = "com.apple.product-type.bundle.unit-test";
		};
		34E268692C0B0E4800A485D9 /* WOWUITests */ = {
			isa = PBXNativeTarget;
			buildConfigurationList = 34E2687A2C0B0E4800A485D9 /* Build configuration list for PBXNativeTarget "WOWUITests" */;
			buildPhases = (
				34E268662C0B0E4800A485D9 /* Sources */,
				34E268672C0B0E4800A485D9 /* Frameworks */,
				34E268682C0B0E4800A485D9 /* Resources */,
			);
			buildRules = (
			);
			dependencies = (
				34E2686C2C0B0E4800A485D9 /* PBXTargetDependency */,
			);
			name = WOWUITests;
			productName = WOWUITests;
			productReference = 34E2686A2C0B0E4800A485D9 /* WOWUITests.xctest */;
			productType = "com.apple.product-type.bundle.ui-testing";
		};
/* End PBXNativeTarget section */

/* Begin PBXProject section */
		34E268482C0B0E4700A485D9 /* Project object */ = {
			isa = PBXProject;
			attributes = {
				BuildIndependentTargetsInParallel = 1;
				LastSwiftUpdateCheck = 1540;
				LastUpgradeCheck = 1540;
				TargetAttributes = {
					34E2684F2C0B0E4700A485D9 = {
						CreatedOnToolsVersion = 15.4;
					};
					34E2685F2C0B0E4800A485D9 = {
						CreatedOnToolsVersion = 15.4;
						TestTargetID = 34E2684F2C0B0E4700A485D9;
					};
					34E268692C0B0E4800A485D9 = {
						CreatedOnToolsVersion = 15.4;
						TestTargetID = 34E2684F2C0B0E4700A485D9;
					};
				};
			};
			buildConfigurationList = 34E2684B2C0B0E4700A485D9 /* Build configuration list for PBXProject "WOW" */;
			compatibilityVersion = "Xcode 14.0";
			developmentRegion = en;
			hasScannedForEncodings = 0;
			knownRegions = (
				en,
				Base,
			);
			mainGroup = 34E268472C0B0E4700A485D9;
			productRefGroup = 34E268512C0B0E4700A485D9 /* Products */;
			projectDirPath = "";
			projectRoot = "";
			targets = (
				34E2684F2C0B0E4700A485D9 /* WOW */,
				34E2685F2C0B0E4800A485D9 /* WOWTests */,
				34E268692C0B0E4800A485D9 /* WOWUITests */,
			);
		};
/* End PBXProject section */

/* Begin PBXResourcesBuildPhase section */
		34E2684E2C0B0E4700A485D9 /* Resources */ = {
			isa = PBXResourcesBuildPhase;
			buildActionMask = 2147483647;
			files = (
				34E2685B2C0B0E4800A485D9 /* Preview Assets.xcassets in Resources */,
				34E268582C0B0E4800A485D9 /* Assets.xcassets in Resources */,
			);
			runOnlyForDeploymentPostprocessing = 0;
		};
		34E2685E2C0B0E4800A485D9 /* Resources */ = {
			isa = PBXResourcesBuildPhase;
			buildActionMask = 2147483647;
			files = (
			);
			runOnlyForDeploymentPostprocessing = 0;
		};
		34E268682C0B0E4800A485D9 /* Resources */ = {
			isa = PBXResourcesBuildPhase;
			buildActionMask = 2147483647;
			files = (
			);
			runOnlyForDeploymentPostprocessing = 0;
		};
/* End PBXResourcesBuildPhase section */

/* Begin PBXSourcesBuildPhase section */
		34E2684C2C0B0E4700A485D9 /* Sources */ = {
			isa = PBXSourcesBuildPhase;
			buildActionMask = 2147483647;
			files = (
				34E268562C0B0E4700A485D9 /* ContentView.swift in Sources */,
				34E268542C0B0E4700A485D9 /* WOWApp.swift in Sources */,
			);
			runOnlyForDeploymentPostprocessing = 0;
		};
		34E2685C2C0B0E4800A485D9 /* Sources */ = {
			isa = PBXSourcesBuildPhase;
			buildActionMask = 2147483647;
			files = (
				34E268652C0B0E4800A485D9 /* WOWTests.swift in Sources */,
			);
			runOnlyForDeploymentPostprocessing = 0;
		};
		34E268662C0B0E4800A485D9 /* Sources */ = {
			isa = PBXSourcesBuildPhase;
			buildActionMask = 2147483647;
			files = (
				34E268712C0B0E4800A485D9 /* WOWUITestsLaunchTests.swift in Sources */,
				34E2686F2C0B0E4800A485D9 /* WOWUITests.swift in Sources */,
			);
			runOnlyForDeploymentPostprocessing = 0;
		};
/* End PBXSourcesBuildPhase section */

/* Begin PBXTargetDependency section */
		34E268622C0B0E4800A485D9 /* PBXTargetDependency */ = {
			isa = PBXTargetDependency;
			target = 34E2684F2C0B0E4700A485D9 /* WOW */;
			targetProxy = 34E268612C0B0E4800A485D9 /* PBXContainerItemProxy */;
		};
		34E2686C2C0B0E4800A485D9 /* PBXTargetDependency */ = {
			isa = PBXTargetDependency;
			target = 34E2684F2C0B0E4700A485D9 /* WOW */;
			targetProxy = 34E2686B2C0B0E4800A485D9 /* PBXContainerItemProxy */;
		};
/* End PBXTargetDependency section */

/* Begin XCBuildConfiguration section */
		34E268722C0B0E4800A485D9 /* Debug */ = {
			isa = XCBuildConfiguration;
			buildSettings = {
				ALWAYS_SEARCH_USER_PATHS = NO;
				ASSETCATALOG_COMPILER_GENERATE_SWIFT_ASSET_SYMBOL_EXTENSIONS = YES;
				CLANG_ANALYZER_NONNULL = YES;
				CLANG_ANALYZER_NUMBER_OBJECT_CONVERSION = YES_AGGRESSIVE;
				CLANG_CXX_LANGUAGE_STANDARD = "gnu++20";
				CLANG_ENABLE_MODULES = YES;
				CLANG_ENABLE_OBJC_ARC = YES;
				CLANG_ENABLE_OBJC_WEAK = YES;
				CLANG_WARN_BLOCK_CAPTURE_AUTORELEASING = YES;
				CLANG_WARN_BOOL_CONVERSION = YES;
				CLANG_WARN_COMMA = YES;
				CLANG_WARN_CONSTANT_CONVERSION = YES;
				CLANG_WARN_DEPRECATED_OBJC_IMPLEMENTATIONS = YES;
				CLANG_WARN_DIRECT_OBJC_ISA_USAGE = YES_ERROR;
				CLANG_WARN_DOCUMENTATION_COMMENTS = YES;
				CLANG_WARN_EMPTY_BODY = YES;
				CLANG_WARN_ENUM_CONVERSION = YES;
				CLANG_WARN_INFINITE_RECURSION = YES;
				CLANG_WARN_INT_CONVERSION = YES;
				CLANG_WARN_NON_LITERAL_NULL_CONVERSION = YES;
				CLANG_WARN_OBJC_IMPLICIT_RETAIN_SELF = YES;
				CLANG_WARN_OBJC_LITERAL_CONVERSION = YES;
				CLANG_WARN_OBJC_ROOT_CLASS = YES_ERROR;
				CLANG_WARN_QUOTED_INCLUDE_IN_FRAMEWORK_HEADER = YES;
				CLANG_WARN_RANGE_LOOP_ANALYSIS = YES;
				CLANG_WARN_STRICT_PROTOTYPES = YES;
				CLANG_WARN_SUSPICIOUS_MOVE = YES;
				CLANG_WARN_UNGUARDED_AVAILABILITY = YES_AGGRESSIVE;
				CLANG_WARN_UNREACHABLE_CODE = YES;
				CLANG_WARN__DUPLICATE_METHOD_MATCH = YES;
				COPY_PHASE_STRIP = NO;
				DEBUG_INFORMATION_FORMAT = dwarf;
				ENABLE_STRICT_OBJC_MSGSEND = YES;
				ENABLE_TESTABILITY = YES;
				ENABLE_USER_SCRIPT_SANDBOXING = YES;
				GCC_C_LANGUAGE_STANDARD = gnu17;
				GCC_DYNAMIC_NO_PIC = NO;
				GCC_NO_COMMON_BLOCKS = YES;
				GCC_OPTIMIZATION_LEVEL = 0;
				GCC_PREPROCESSOR_DEFINITIONS = (
					"DEBUG=1",
					"$(inherited)",
				);
				GCC_WARN_64_TO_32_BIT_CONVERSION = YES;
				GCC_WARN_ABOUT_RETURN_TYPE = YES_ERROR;
				GCC_WARN_UNDECLARED_SELECTOR = YES;
				GCC_WARN_UNINITIALIZED_AUTOS = YES_AGGRESSIVE;
				GCC_WARN_UNUSED_FUNCTION = YES;
				GCC_WARN_UNUSED_VARIABLE = YES;
				IPHONEOS_DEPLOYMENT_TARGET = 17.5;
				LOCALIZATION_PREFERS_STRING_CATALOGS = YES;
				MTL_ENABLE_DEBUG_INFO = INCLUDE_SOURCE;
				MTL_FAST_MATH = YES;
				ONLY_ACTIVE_ARCH = YES;
				SDKROOT = iphoneos;
				SWIFT_ACTIVE_COMPILATION_CONDITIONS = "DEBUG $(inherited)";
				SWIFT_OPTIMIZATION_LEVEL = "-Onone";
			};
			name = Debug;
		};
		34E268732C0B0E4800A485D9 /* Release */ = {
			isa = XCBuildConfiguration;
			buildSettings = {
				ALWAYS_SEARCH_USER_PATHS = NO;
				ASSETCATALOG_COMPILER_GENERATE_SWIFT_ASSET_SYMBOL_EXTENSIONS = YES;
				CLANG_ANALYZER_NONNULL = YES;
				CLANG_ANALYZER_NUMBER_OBJECT_CONVERSION = YES_AGGRESSIVE;
				CLANG_CXX_LANGUAGE_STANDARD = "gnu++20";
				CLANG_ENABLE_MODULES = YES;
				CLANG_ENABLE_OBJC_ARC = YES;
				CLANG_ENABLE_OBJC_WEAK = YES;
				CLANG_WARN_BLOCK_CAPTURE_AUTORELEASING = YES;
				CLANG_WARN_BOOL_CONVERSION = YES;
				CLANG_WARN_COMMA = YES;
				CLANG_WARN_CONSTANT_CONVERSION = YES;
				CLANG_WARN_DEPRECATED_OBJC_IMPLEMENTATIONS = YES;
				CLANG_WARN_DIRECT_OBJC_ISA_USAGE = YES_ERROR;
				CLANG_WARN_DOCUMENTATION_COMMENTS = YES;
				CLANG_WARN_EMPTY_BODY = YES;
				CLANG_WARN_ENUM_CONVERSION = YES;
				CLANG_WARN_INFINITE_RECURSION = YES;
				CLANG_WARN_INT_CONVERSION = YES;
				CLANG_WARN_NON_LITERAL_NULL_CONVERSION = YES;
				CLANG_WARN_OBJC_IMPLICIT_RETAIN_SELF = YES;
				CLANG_WARN_OBJC_LITERAL_CONVERSION = YES;
				CLANG_WARN_OBJC_ROOT_CLASS = YES_ERROR;
				CLANG_WARN_QUOTED_INCLUDE_IN_FRAMEWORK_HEADER = YES;
				CLANG_WARN_RANGE_LOOP_ANALYSIS = YES;
				CLANG_WARN_STRICT_PROTOTYPES = YES;
				CLANG_WARN_SUSPICIOUS_MOVE = YES;
				CLANG_WARN_UNGUARDED_AVAILABILITY = YES_AGGRESSIVE;
				CLANG_WARN_UNREACHABLE_CODE = YES;
				CLANG_WARN__DUPLICATE_METHOD_MATCH = YES;
				COPY_PHASE_STRIP = NO;
				DEBUG_INFORMATION_FORMAT = "dwarf-with-dsym";
				ENABLE_NS_ASSERTIONS = NO;
				ENABLE_STRICT_OBJC_MSGSEND = YES;
				ENABLE_USER_SCRIPT_SANDBOXING = YES;
				GCC_C_LANGUAGE_STANDARD = gnu17;
				GCC_NO_COMMON_BLOCKS = YES;
				GCC_WARN_64_TO_32_BIT_CONVERSION = YES;
				GCC_WARN_ABOUT_RETURN_TYPE = YES_ERROR;
				GCC_WARN_UNDECLARED_SELECTOR = YES;
				GCC_WARN_UNINITIALIZED_AUTOS = YES_AGGRESSIVE;
				GCC_WARN_UNUSED_FUNCTION = YES;
				GCC_WARN_UNUSED_VARIABLE = YES;
				IPHONEOS_DEPLOYMENT_TARGET = 17.5;
				LOCALIZATION_PREFERS_STRING_CATALOGS = YES;
				MTL_ENABLE_DEBUG_INFO = NO;
				MTL_FAST_MATH = YES;
				SDKROOT = iphoneos;
				SWIFT_COMPILATION_MODE = wholemodule;
				VALIDATE_PRODUCT = YES;
			};
			name = Release;
		};
		34E268752C0B0E4800A485D9 /* Debug */ = {
			isa = XCBuildConfiguration;
			buildSettings = {
				ASSETCATALOG_COMPILER_APPICON_NAME = AppIcon;
				ASSETCATALOG_COMPILER_GLOBAL_ACCENT_COLOR_NAME = AccentColor;
				CODE_SIGN_STYLE = Automatic;
				CURRENT_PROJECT_VERSION = 1;
				DEVELOPMENT_ASSET_PATHS = "\"WOW/Preview Content\"";
				DEVELOPMENT_TEAM = MCTPZ2D22A;
				ENABLE_PREVIEWS = YES;
				GENERATE_INFOPLIST_FILE = YES;
				INFOPLIST_KEY_UIApplicationSceneManifest_Generation = YES;
				INFOPLIST_KEY_UIApplicationSupportsIndirectInputEvents = YES;
				INFOPLIST_KEY_UILaunchScreen_Generation = YES;
				INFOPLIST_KEY_UISupportedInterfaceOrientations_iPad = "UIInterfaceOrientationPortrait UIInterfaceOrientationPortraitUpsideDown UIInterfaceOrientationLandscapeLeft UIInterfaceOrientationLandscapeRight";
				INFOPLIST_KEY_UISupportedInterfaceOrientations_iPhone = "UIInterfaceOrientationPortrait UIInterfaceOrientationLandscapeLeft UIInterfaceOrientationLandscapeRight";
				LD_RUNPATH_SEARCH_PATHS = (
					"$(inherited)",
					"@executable_path/Frameworks",
				);
				MARKETING_VERSION = 1.0;
				PRODUCT_BUNDLE_IDENTIFIER = SW.WOW;
				PRODUCT_NAME = "$(TARGET_NAME)";
				SWIFT_EMIT_LOC_STRINGS = YES;
				SWIFT_VERSION = 5.0;
				TARGETED_DEVICE_FAMILY = "1,2";
			};
			name = Debug;
		};
		34E268762C0B0E4800A485D9 /* Release */ = {
			isa = XCBuildConfiguration;
			buildSettings = {
				ASSETCATALOG_COMPILER_APPICON_NAME = AppIcon;
				ASSETCATALOG_COMPILER_GLOBAL_ACCENT_COLOR_NAME = AccentColor;
				CODE_SIGN_STYLE = Automatic;
				CURRENT_PROJECT_VERSION = 1;
				DEVELOPMENT_ASSET_PATHS = "\"WOW/Preview Content\"";
				DEVELOPMENT_TEAM = MCTPZ2D22A;
				ENABLE_PREVIEWS = YES;
				GENERATE_INFOPLIST_FILE = YES;
				INFOPLIST_KEY_UIApplicationSceneManifest_Generation = YES;
				INFOPLIST_KEY_UIApplicationSupportsIndirectInputEvents = YES;
				INFOPLIST_KEY_UILaunchScreen_Generation = YES;
				INFOPLIST_KEY_UISupportedInterfaceOrientations_iPad = "UIInterfaceOrientationPortrait UIInterfaceOrientationPortraitUpsideDown UIInterfaceOrientationLandscapeLeft UIInterfaceOrientationLandscapeRight";
				INFOPLIST_KEY_UISupportedInterfaceOrientations_iPhone = "UIInterfaceOrientationPortrait UIInterfaceOrientationLandscapeLeft UIInterfaceOrientationLandscapeRight";
				LD_RUNPATH_SEARCH_PATHS = (
					"$(inherited)",
					"@executable_path/Frameworks",
				);
				MARKETING_VERSION = 1.0;
				PRODUCT_BUNDLE_IDENTIFIER = SW.WOW;
				PRODUCT_NAME = "$(TARGET_NAME)";
				SWIFT_EMIT_LOC_STRINGS = YES;
				SWIFT_VERSION = 5.0;
				TARGETED_DEVICE_FAMILY = "1,2";
			};
			name = Release;
		};
		34E268782C0B0E4800A485D9 /* Debug */ = {
			isa = XCBuildConfiguration;
			buildSettings = {
				ALWAYS_EMBED_SWIFT_STANDARD_LIBRARIES = YES;
				BUNDLE_LOADER = "$(TEST_HOST)";
				CODE_SIGN_STYLE = Automatic;
				CURRENT_PROJECT_VERSION = 1;
				DEVELOPMENT_TEAM = MCTPZ2D22A;
				GENERATE_INFOPLIST_FILE = YES;
				IPHONEOS_DEPLOYMENT_TARGET = 17.5;
				MARKETING_VERSION = 1.0;
				PRODUCT_BUNDLE_IDENTIFIER = SW.WOWTests;
				PRODUCT_NAME = "$(TARGET_NAME)";
				SWIFT_EMIT_LOC_STRINGS = NO;
				SWIFT_VERSION = 5.0;
				TARGETED_DEVICE_FAMILY = "1,2";
				TEST_HOST = "$(BUILT_PRODUCTS_DIR)/WOW.app/$(BUNDLE_EXECUTABLE_FOLDER_PATH)/WOW";
			};
			name = Debug;
		};
		34E268792C0B0E4800A485D9 /* Release */ = {
			isa = XCBuildConfiguration;
			buildSettings = {
				ALWAYS_EMBED_SWIFT_STANDARD_LIBRARIES = YES;
				BUNDLE_LOADER = "$(TEST_HOST)";
				CODE_SIGN_STYLE = Automatic;
				CURRENT_PROJECT_VERSION = 1;
				DEVELOPMENT_TEAM = MCTPZ2D22A;
				GENERATE_INFOPLIST_FILE = YES;
				IPHONEOS_DEPLOYMENT_TARGET = 17.5;
				MARKETING_VERSION = 1.0;
				PRODUCT_BUNDLE_IDENTIFIER = SW.WOWTests;
				PRODUCT_NAME = "$(TARGET_NAME)";
				SWIFT_EMIT_LOC_STRINGS = NO;
				SWIFT_VERSION = 5.0;
				TARGETED_DEVICE_FAMILY = "1,2";
				TEST_HOST = "$(BUILT_PRODUCTS_DIR)/WOW.app/$(BUNDLE_EXECUTABLE_FOLDER_PATH)/WOW";
			};
			name = Release;
		};
		34E2687B2C0B0E4800A485D9 /* Debug */ = {
			isa = XCBuildConfiguration;
			buildSettings = {
				ALWAYS_EMBED_SWIFT_STANDARD_LIBRARIES = YES;
				CODE_SIGN_STYLE = Automatic;
				CURRENT_PROJECT_VERSION = 1;
				DEVELOPMENT_TEAM = MCTPZ2D22A;
				GENERATE_INFOPLIST_FILE = YES;
				MARKETING_VERSION = 1.0;
				PRODUCT_BUNDLE_IDENTIFIER = SW.WOWUITests;
				PRODUCT_NAME = "$(TARGET_NAME)";
				SWIFT_EMIT_LOC_STRINGS = NO;
				SWIFT_VERSION = 5.0;
				TARGETED_DEVICE_FAMILY = "1,2";
				TEST_TARGET_NAME = WOW;
			};
			name = Debug;
		};
		34E2687C2C0B0E4800A485D9 /* Release */ = {
			isa = XCBuildConfiguration;
			buildSettings = {
				ALWAYS_EMBED_SWIFT_STANDARD_LIBRARIES = YES;
				CODE_SIGN_STYLE = Automatic;
				CURRENT_PROJECT_VERSION = 1;
				DEVELOPMENT_TEAM = MCTPZ2D22A;
				GENERATE_INFOPLIST_FILE = YES;
				MARKETING_VERSION = 1.0;
				PRODUCT_BUNDLE_IDENTIFIER = SW.WOWUITests;
				PRODUCT_NAME = "$(TARGET_NAME)";
				SWIFT_EMIT_LOC_STRINGS = NO;
				SWIFT_VERSION = 5.0;
				TARGETED_DEVICE_FAMILY = "1,2";
				TEST_TARGET_NAME = WOW;
			};
			name = Release;
		};
/* End XCBuildConfiguration section */

/* Begin XCConfigurationList section */
		34E2684B2C0B0E4700A485D9 /* Build configuration list for PBXProject "WOW" */ = {
			isa = XCConfigurationList;
			buildConfigurations = (
				34E268722C0B0E4800A485D9 /* Debug */,
				34E268732C0B0E4800A485D9 /* Release */,
			);
			defaultConfigurationIsVisible = 0;
			defaultConfigurationName = Release;
		};
		34E268742C0B0E4800A485D9 /* Build configuration list for PBXNativeTarget "WOW" */ = {
			isa = XCConfigurationList;
			buildConfigurations = (
				34E268752C0B0E4800A485D9 /* Debug */,
				34E268762C0B0E4800A485D9 /* Release */,
			);
			defaultConfigurationIsVisible = 0;
			defaultConfigurationName = Release;
		};
		34E268772C0B0E4800A485D9 /* Build configuration list for PBXNativeTarget "WOWTests" */ = {
			isa = XCConfigurationList;
			buildConfigurations = (
				34E268782C0B0E4800A485D9 /* Debug */,
				34E268792C0B0E4800A485D9 /* Release */,
			);
			defaultConfigurationIsVisible = 0;
			defaultConfigurationName = Release;
		};
		34E2687A2C0B0E4800A485D9 /* Build configuration list for PBXNativeTarget "WOWUITests" */ = {
			isa = XCConfigurationList;
			buildConfigurations = (
				34E2687B2C0B0E4800A485D9 /* Debug */,
				34E2687C2C0B0E4800A485D9 /* Release */,
			);
			defaultConfigurationIsVisible = 0;
			defaultConfigurationName = Release;
		};
/* End XCConfigurationList section */
	};
	rootObject = 34E268482C0B0E4700A485D9 /* Project object */;
}
