// !$*UTF8*$!
{
	archiveVersion = 1;
	classes = {
	};
	objectVersion = 56;
	objects = {

/* Begin PBXBuildFile section */
		3213A5122C0FFE2C0051D50B /* GoogleService-Info.plist in Resources */ = {isa = PBXBuildFile; fileRef = 3213A5112C0FFE2C0051D50B /* GoogleService-Info.plist */; };
		3213A5152C0FFFB10051D50B /* FirebaseAnalytics in Frameworks */ = {isa = PBXBuildFile; productRef = 3213A5142C0FFFB10051D50B /* FirebaseAnalytics */; };
		3213A5172C0FFFB10051D50B /* FirebaseDatabase in Frameworks */ = {isa = PBXBuildFile; productRef = 3213A5162C0FFFB10051D50B /* FirebaseDatabase */; };
		3213A5192C0FFFB10051D50B /* FirebaseFirestore in Frameworks */ = {isa = PBXBuildFile; productRef = 3213A5182C0FFFB10051D50B /* FirebaseFirestore */; };
		3213A51B2C0FFFB10051D50B /* FirebaseStorage in Frameworks */ = {isa = PBXBuildFile; productRef = 3213A51A2C0FFFB10051D50B /* FirebaseStorage */; };
		3213A51D2C1001200051D50B /* FirebaseAuth in Frameworks */ = {isa = PBXBuildFile; productRef = 3213A51C2C1001200051D50B /* FirebaseAuth */; };
		3213A5222C1023DC0051D50B /* MainController.swift in Sources */ = {isa = PBXBuildFile; fileRef = 3213A5212C1023DC0051D50B /* MainController.swift */; };
		3235DE212C0F7738004BA848 /* LoginViewController.swift in Sources */ = {isa = PBXBuildFile; fileRef = 3235DE202C0F7738004BA848 /* LoginViewController.swift */; };
		32D4E9172C0D560D0066DE8B /* AppDelegate.swift in Sources */ = {isa = PBXBuildFile; fileRef = 32D4E9162C0D560D0066DE8B /* AppDelegate.swift */; };
		32D4E9192C0D560D0066DE8B /* SceneDelegate.swift in Sources */ = {isa = PBXBuildFile; fileRef = 32D4E9182C0D560D0066DE8B /* SceneDelegate.swift */; };
		32D4E91E2C0D560D0066DE8B /* Base in Resources */ = {isa = PBXBuildFile; fileRef = 32D4E91D2C0D560D0066DE8B /* Base */; };
		32D4E9202C0D560F0066DE8B /* Assets.xcassets in Resources */ = {isa = PBXBuildFile; fileRef = 32D4E91F2C0D560F0066DE8B /* Assets.xcassets */; };
		32D4E9232C0D560F0066DE8B /* Base in Resources */ = {isa = PBXBuildFile; fileRef = 32D4E9222C0D560F0066DE8B /* Base */; };
		32D4E92E2C0D560F0066DE8B /* WOWTests.swift in Sources */ = {isa = PBXBuildFile; fileRef = 32D4E92D2C0D560F0066DE8B /* WOWTests.swift */; };
		32D4E9382C0D560F0066DE8B /* WOWUITests.swift in Sources */ = {isa = PBXBuildFile; fileRef = 32D4E9372C0D560F0066DE8B /* WOWUITests.swift */; };
		32D4E93A2C0D560F0066DE8B /* WOWUITestsLaunchTests.swift in Sources */ = {isa = PBXBuildFile; fileRef = 32D4E9392C0D560F0066DE8B /* WOWUITestsLaunchTests.swift */; };
/* End PBXBuildFile section */

/* Begin PBXContainerItemProxy section */
		32D4E92A2C0D560F0066DE8B /* PBXContainerItemProxy */ = {
			isa = PBXContainerItemProxy;
			containerPortal = 32D4E90B2C0D560D0066DE8B /* Project object */;
			proxyType = 1;
			remoteGlobalIDString = 32D4E9122C0D560D0066DE8B;
			remoteInfo = WOW;
		};
		32D4E9342C0D560F0066DE8B /* PBXContainerItemProxy */ = {
			isa = PBXContainerItemProxy;
			containerPortal = 32D4E90B2C0D560D0066DE8B /* Project object */;
			proxyType = 1;
			remoteGlobalIDString = 32D4E9122C0D560D0066DE8B;
			remoteInfo = WOW;
		};
/* End PBXContainerItemProxy section */

/* Begin PBXFileReference section */
		3213A5112C0FFE2C0051D50B /* GoogleService-Info.plist */ = {isa = PBXFileReference; fileEncoding = 4; lastKnownFileType = text.plist.xml; name = "GoogleService-Info.plist"; path = "../../../Downloads/GoogleService-Info.plist"; sourceTree = "<group>"; };
		3213A5212C1023DC0051D50B /* MainController.swift */ = {isa = PBXFileReference; lastKnownFileType = sourcecode.swift; path = MainController.swift; sourceTree = "<group>"; };
		3235DE202C0F7738004BA848 /* LoginViewController.swift */ = {isa = PBXFileReference; lastKnownFileType = sourcecode.swift; path = LoginViewController.swift; sourceTree = "<group>"; };
		32D4E9132C0D560D0066DE8B /* WOW.app */ = {isa = PBXFileReference; explicitFileType = wrapper.application; includeInIndex = 0; path = WOW.app; sourceTree = BUILT_PRODUCTS_DIR; };
		32D4E9162C0D560D0066DE8B /* AppDelegate.swift */ = {isa = PBXFileReference; lastKnownFileType = sourcecode.swift; path = AppDelegate.swift; sourceTree = "<group>"; };
		32D4E9182C0D560D0066DE8B /* SceneDelegate.swift */ = {isa = PBXFileReference; lastKnownFileType = sourcecode.swift; path = SceneDelegate.swift; sourceTree = "<group>"; };
		32D4E91D2C0D560D0066DE8B /* Base */ = {isa = PBXFileReference; lastKnownFileType = file.storyboard; name = Base; path = Base.lproj/Main.storyboard; sourceTree = "<group>"; };
		32D4E91F2C0D560F0066DE8B /* Assets.xcassets */ = {isa = PBXFileReference; lastKnownFileType = folder.assetcatalog; path = Assets.xcassets; sourceTree = "<group>"; };
		32D4E9222C0D560F0066DE8B /* Base */ = {isa = PBXFileReference; lastKnownFileType = file.storyboard; name = Base; path = Base.lproj/LaunchScreen.storyboard; sourceTree = "<group>"; };
		32D4E9242C0D560F0066DE8B /* Info.plist */ = {isa = PBXFileReference; lastKnownFileType = text.plist.xml; path = Info.plist; sourceTree = "<group>"; };
		32D4E9292C0D560F0066DE8B /* WOWTests.xctest */ = {isa = PBXFileReference; explicitFileType = wrapper.cfbundle; includeInIndex = 0; path = WOWTests.xctest; sourceTree = BUILT_PRODUCTS_DIR; };
		32D4E92D2C0D560F0066DE8B /* WOWTests.swift */ = {isa = PBXFileReference; lastKnownFileType = sourcecode.swift; path = WOWTests.swift; sourceTree = "<group>"; };
		32D4E9332C0D560F0066DE8B /* WOWUITests.xctest */ = {isa = PBXFileReference; explicitFileType = wrapper.cfbundle; includeInIndex = 0; path = WOWUITests.xctest; sourceTree = BUILT_PRODUCTS_DIR; };
		32D4E9372C0D560F0066DE8B /* WOWUITests.swift */ = {isa = PBXFileReference; lastKnownFileType = sourcecode.swift; path = WOWUITests.swift; sourceTree = "<group>"; };
		32D4E9392C0D560F0066DE8B /* WOWUITestsLaunchTests.swift */ = {isa = PBXFileReference; lastKnownFileType = sourcecode.swift; path = WOWUITestsLaunchTests.swift; sourceTree = "<group>"; };
/* End PBXFileReference section */

/* Begin PBXFrameworksBuildPhase section */
		32D4E9102C0D560D0066DE8B /* Frameworks */ = {
			isa = PBXFrameworksBuildPhase;
			buildActionMask = 2147483647;
			files = (
				3213A5172C0FFFB10051D50B /* FirebaseDatabase in Frameworks */,
				3213A51D2C1001200051D50B /* FirebaseAuth in Frameworks */,
				3213A51B2C0FFFB10051D50B /* FirebaseStorage in Frameworks */,
				3213A5152C0FFFB10051D50B /* FirebaseAnalytics in Frameworks */,
				3213A5192C0FFFB10051D50B /* FirebaseFirestore in Frameworks */,
			);
			runOnlyForDeploymentPostprocessing = 0;
		};
		32D4E9262C0D560F0066DE8B /* Frameworks */ = {
			isa = PBXFrameworksBuildPhase;
			buildActionMask = 2147483647;
			files = (
			);
			runOnlyForDeploymentPostprocessing = 0;
		};
		32D4E9302C0D560F0066DE8B /* Frameworks */ = {
			isa = PBXFrameworksBuildPhase;
			buildActionMask = 2147483647;
			files = (
			);
			runOnlyForDeploymentPostprocessing = 0;
		};
/* End PBXFrameworksBuildPhase section */

/* Begin PBXGroup section */
		3213A51E2C1021840051D50B /* Main */ = {
			isa = PBXGroup;
			children = (
				3213A5212C1023DC0051D50B /* MainController.swift */,
			);
			path = Main;
			sourceTree = "<group>";
		};
		3213A51F2C1021890051D50B /* Friend */ = {
			isa = PBXGroup;
			children = (
			);
			path = Friend;
			sourceTree = "<group>";
		};
		3213A5202C1021910051D50B /* setting */ = {
			isa = PBXGroup;
			children = (
			);
			path = setting;
			sourceTree = "<group>";
		};
		3235DE1D2C0F76F4004BA848 /* Login */ = {
			isa = PBXGroup;
			children = (
				3235DE202C0F7738004BA848 /* LoginViewController.swift */,
			);
			path = Login;
			sourceTree = "<group>";
		};
		32D4E90A2C0D560D0066DE8B = {
			isa = PBXGroup;
			children = (
				32D4E9152C0D560D0066DE8B /* WOW */,
				32D4E92C2C0D560F0066DE8B /* WOWTests */,
				32D4E9362C0D560F0066DE8B /* WOWUITests */,
				32D4E9142C0D560D0066DE8B /* Products */,
			);
			sourceTree = "<group>";
		};
		32D4E9142C0D560D0066DE8B /* Products */ = {
			isa = PBXGroup;
			children = (
				32D4E9132C0D560D0066DE8B /* WOW.app */,
				32D4E9292C0D560F0066DE8B /* WOWTests.xctest */,
				32D4E9332C0D560F0066DE8B /* WOWUITests.xctest */,
			);
			name = Products;
			sourceTree = "<group>";
		};
		32D4E9152C0D560D0066DE8B /* WOW */ = {
			isa = PBXGroup;
			children = (
				3213A5202C1021910051D50B /* setting */,
				3213A51F2C1021890051D50B /* Friend */,
				3213A51E2C1021840051D50B /* Main */,
				3213A5112C0FFE2C0051D50B /* GoogleService-Info.plist */,
				3235DE1D2C0F76F4004BA848 /* Login */,
				32D4E9162C0D560D0066DE8B /* AppDelegate.swift */,
				32D4E9182C0D560D0066DE8B /* SceneDelegate.swift */,
				32D4E91C2C0D560D0066DE8B /* Main.storyboard */,
				32D4E91F2C0D560F0066DE8B /* Assets.xcassets */,
				32D4E9212C0D560F0066DE8B /* LaunchScreen.storyboard */,
				32D4E9242C0D560F0066DE8B /* Info.plist */,
			);
			path = WOW;
			sourceTree = "<group>";
		};
		32D4E92C2C0D560F0066DE8B /* WOWTests */ = {
			isa = PBXGroup;
			children = (
				32D4E92D2C0D560F0066DE8B /* WOWTests.swift */,
			);
			path = WOWTests;
			sourceTree = "<group>";
		};
		32D4E9362C0D560F0066DE8B /* WOWUITests */ = {
			isa = PBXGroup;
			children = (
				32D4E9372C0D560F0066DE8B /* WOWUITests.swift */,
				32D4E9392C0D560F0066DE8B /* WOWUITestsLaunchTests.swift */,
			);
			path = WOWUITests;
			sourceTree = "<group>";
		};
/* End PBXGroup section */

/* Begin PBXNativeTarget section */
		32D4E9122C0D560D0066DE8B /* WOW */ = {
			isa = PBXNativeTarget;
			buildConfigurationList = 32D4E93D2C0D560F0066DE8B /* Build configuration list for PBXNativeTarget "WOW" */;
			buildPhases = (
				32D4E90F2C0D560D0066DE8B /* Sources */,
				32D4E9102C0D560D0066DE8B /* Frameworks */,
				32D4E9112C0D560D0066DE8B /* Resources */,
			);
			buildRules = (
			);
			dependencies = (
			);
			name = WOW;
			packageProductDependencies = (
				3213A5142C0FFFB10051D50B /* FirebaseAnalytics */,
				3213A5162C0FFFB10051D50B /* FirebaseDatabase */,
				3213A5182C0FFFB10051D50B /* FirebaseFirestore */,
				3213A51A2C0FFFB10051D50B /* FirebaseStorage */,
				3213A51C2C1001200051D50B /* FirebaseAuth */,
			);
			productName = WOW;
			productReference = 32D4E9132C0D560D0066DE8B /* WOW.app */;
			productType = "com.apple.product-type.application";
		};
		32D4E9282C0D560F0066DE8B /* WOWTests */ = {
			isa = PBXNativeTarget;
			buildConfigurationList = 32D4E9402C0D560F0066DE8B /* Build configuration list for PBXNativeTarget "WOWTests" */;
			buildPhases = (
				32D4E9252C0D560F0066DE8B /* Sources */,
				32D4E9262C0D560F0066DE8B /* Frameworks */,
				32D4E9272C0D560F0066DE8B /* Resources */,
			);
			buildRules = (
			);
			dependencies = (
				32D4E92B2C0D560F0066DE8B /* PBXTargetDependency */,
			);
			name = WOWTests;
			productName = WOWTests;
			productReference = 32D4E9292C0D560F0066DE8B /* WOWTests.xctest */;
			productType = "com.apple.product-type.bundle.unit-test";
		};
		32D4E9322C0D560F0066DE8B /* WOWUITests */ = {
			isa = PBXNativeTarget;
			buildConfigurationList = 32D4E9432C0D560F0066DE8B /* Build configuration list for PBXNativeTarget "WOWUITests" */;
			buildPhases = (
				32D4E92F2C0D560F0066DE8B /* Sources */,
				32D4E9302C0D560F0066DE8B /* Frameworks */,
				32D4E9312C0D560F0066DE8B /* Resources */,
			);
			buildRules = (
			);
			dependencies = (
				32D4E9352C0D560F0066DE8B /* PBXTargetDependency */,
			);
			name = WOWUITests;
			productName = WOWUITests;
			productReference = 32D4E9332C0D560F0066DE8B /* WOWUITests.xctest */;
			productType = "com.apple.product-type.bundle.ui-testing";
		};
/* End PBXNativeTarget section */

/* Begin PBXProject section */
		32D4E90B2C0D560D0066DE8B /* Project object */ = {
			isa = PBXProject;
			attributes = {
				BuildIndependentTargetsInParallel = 1;
				LastSwiftUpdateCheck = 1540;
				LastUpgradeCheck = 1540;
				TargetAttributes = {
					32D4E9122C0D560D0066DE8B = {
						CreatedOnToolsVersion = 15.4;
					};
					32D4E9282C0D560F0066DE8B = {
						CreatedOnToolsVersion = 15.4;
						TestTargetID = 32D4E9122C0D560D0066DE8B;
					};
					32D4E9322C0D560F0066DE8B = {
						CreatedOnToolsVersion = 15.4;
						TestTargetID = 32D4E9122C0D560D0066DE8B;
					};
				};
			};
			buildConfigurationList = 32D4E90E2C0D560D0066DE8B /* Build configuration list for PBXProject "WOW" */;
			compatibilityVersion = "Xcode 14.0";
			developmentRegion = en;
			hasScannedForEncodings = 0;
			knownRegions = (
				en,
				Base,
			);
			mainGroup = 32D4E90A2C0D560D0066DE8B;
			packageReferences = (
				3213A5132C0FFFB10051D50B /* XCRemoteSwiftPackageReference "firebase-ios-sdk" */,
			);
			productRefGroup = 32D4E9142C0D560D0066DE8B /* Products */;
			projectDirPath = "";
			projectRoot = "";
			targets = (
				32D4E9122C0D560D0066DE8B /* WOW */,
				32D4E9282C0D560F0066DE8B /* WOWTests */,
				32D4E9322C0D560F0066DE8B /* WOWUITests */,
			);
		};
/* End PBXProject section */

/* Begin PBXResourcesBuildPhase section */
		32D4E9112C0D560D0066DE8B /* Resources */ = {
			isa = PBXResourcesBuildPhase;
			buildActionMask = 2147483647;
			files = (
				32D4E9202C0D560F0066DE8B /* Assets.xcassets in Resources */,
				3213A5122C0FFE2C0051D50B /* GoogleService-Info.plist in Resources */,
				32D4E9232C0D560F0066DE8B /* Base in Resources */,
				32D4E91E2C0D560D0066DE8B /* Base in Resources */,
			);
			runOnlyForDeploymentPostprocessing = 0;
		};
		32D4E9272C0D560F0066DE8B /* Resources */ = {
			isa = PBXResourcesBuildPhase;
			buildActionMask = 2147483647;
			files = (
			);
			runOnlyForDeploymentPostprocessing = 0;
		};
		32D4E9312C0D560F0066DE8B /* Resources */ = {
			isa = PBXResourcesBuildPhase;
			buildActionMask = 2147483647;
			files = (
			);
			runOnlyForDeploymentPostprocessing = 0;
		};
/* End PBXResourcesBuildPhase section */

/* Begin PBXSourcesBuildPhase section */
		32D4E90F2C0D560D0066DE8B /* Sources */ = {
			isa = PBXSourcesBuildPhase;
			buildActionMask = 2147483647;
			files = (
				3213A5222C1023DC0051D50B /* MainController.swift in Sources */,
				32D4E9172C0D560D0066DE8B /* AppDelegate.swift in Sources */,
				32D4E9192C0D560D0066DE8B /* SceneDelegate.swift in Sources */,
				3235DE212C0F7738004BA848 /* LoginViewController.swift in Sources */,
			);
			runOnlyForDeploymentPostprocessing = 0;
		};
		32D4E9252C0D560F0066DE8B /* Sources */ = {
			isa = PBXSourcesBuildPhase;
			buildActionMask = 2147483647;
			files = (
				32D4E92E2C0D560F0066DE8B /* WOWTests.swift in Sources */,
			);
			runOnlyForDeploymentPostprocessing = 0;
		};
		32D4E92F2C0D560F0066DE8B /* Sources */ = {
			isa = PBXSourcesBuildPhase;
			buildActionMask = 2147483647;
			files = (
				32D4E93A2C0D560F0066DE8B /* WOWUITestsLaunchTests.swift in Sources */,
				32D4E9382C0D560F0066DE8B /* WOWUITests.swift in Sources */,
			);
			runOnlyForDeploymentPostprocessing = 0;
		};
/* End PBXSourcesBuildPhase section */

/* Begin PBXTargetDependency section */
		32D4E92B2C0D560F0066DE8B /* PBXTargetDependency */ = {
			isa = PBXTargetDependency;
			target = 32D4E9122C0D560D0066DE8B /* WOW */;
			targetProxy = 32D4E92A2C0D560F0066DE8B /* PBXContainerItemProxy */;
		};
		32D4E9352C0D560F0066DE8B /* PBXTargetDependency */ = {
			isa = PBXTargetDependency;
			target = 32D4E9122C0D560D0066DE8B /* WOW */;
			targetProxy = 32D4E9342C0D560F0066DE8B /* PBXContainerItemProxy */;
		};
/* End PBXTargetDependency section */

/* Begin PBXVariantGroup section */
		32D4E91C2C0D560D0066DE8B /* Main.storyboard */ = {
			isa = PBXVariantGroup;
			children = (
				32D4E91D2C0D560D0066DE8B /* Base */,
			);
			name = Main.storyboard;
			sourceTree = "<group>";
		};
		32D4E9212C0D560F0066DE8B /* LaunchScreen.storyboard */ = {
			isa = PBXVariantGroup;
			children = (
				32D4E9222C0D560F0066DE8B /* Base */,
			);
			name = LaunchScreen.storyboard;
			sourceTree = "<group>";
		};
/* End PBXVariantGroup section */

/* Begin XCBuildConfiguration section */
		32D4E93B2C0D560F0066DE8B /* Debug */ = {
			isa = XCBuildConfiguration;
			buildSettings = {
				ALWAYS_SEARCH_USER_PATHS = NO;
				ASSETCATALOG_COMPILER_GENERATE_SWIFT_ASSET_SYMBOL_EXTENSIONS = YES;
				CLANG_ANALYZER_NONNULL = YES;
				CLANG_ANALYZER_NUMBER_OBJECT_CONVERSION = YES_AGGRESSIVE;
				CLANG_CXX_LANGUAGE_STANDARD = "gnu++20";
				CLANG_ENABLE_MODULES = YES;
				CLANG_ENABLE_OBJC_ARC = YES;
				CLANG_ENABLE_OBJC_WEAK = YES;
				CLANG_WARN_BLOCK_CAPTURE_AUTORELEASING = YES;
				CLANG_WARN_BOOL_CONVERSION = YES;
				CLANG_WARN_COMMA = YES;
				CLANG_WARN_CONSTANT_CONVERSION = YES;
				CLANG_WARN_DEPRECATED_OBJC_IMPLEMENTATIONS = YES;
				CLANG_WARN_DIRECT_OBJC_ISA_USAGE = YES_ERROR;
				CLANG_WARN_DOCUMENTATION_COMMENTS = YES;
				CLANG_WARN_EMPTY_BODY = YES;
				CLANG_WARN_ENUM_CONVERSION = YES;
				CLANG_WARN_INFINITE_RECURSION = YES;
				CLANG_WARN_INT_CONVERSION = YES;
				CLANG_WARN_NON_LITERAL_NULL_CONVERSION = YES;
				CLANG_WARN_OBJC_IMPLICIT_RETAIN_SELF = YES;
				CLANG_WARN_OBJC_LITERAL_CONVERSION = YES;
				CLANG_WARN_OBJC_ROOT_CLASS = YES_ERROR;
				CLANG_WARN_QUOTED_INCLUDE_IN_FRAMEWORK_HEADER = YES;
				CLANG_WARN_RANGE_LOOP_ANALYSIS = YES;
				CLANG_WARN_STRICT_PROTOTYPES = YES;
				CLANG_WARN_SUSPICIOUS_MOVE = YES;
				CLANG_WARN_UNGUARDED_AVAILABILITY = YES_AGGRESSIVE;
				CLANG_WARN_UNREACHABLE_CODE = YES;
				CLANG_WARN__DUPLICATE_METHOD_MATCH = YES;
				COPY_PHASE_STRIP = NO;
				DEBUG_INFORMATION_FORMAT = dwarf;
				ENABLE_STRICT_OBJC_MSGSEND = YES;
				ENABLE_TESTABILITY = YES;
				ENABLE_USER_SCRIPT_SANDBOXING = YES;
				GCC_C_LANGUAGE_STANDARD = gnu17;
				GCC_DYNAMIC_NO_PIC = NO;
				GCC_NO_COMMON_BLOCKS = YES;
				GCC_OPTIMIZATION_LEVEL = 0;
				GCC_PREPROCESSOR_DEFINITIONS = (
					"DEBUG=1",
					"$(inherited)",
				);
				GCC_WARN_64_TO_32_BIT_CONVERSION = YES;
				GCC_WARN_ABOUT_RETURN_TYPE = YES_ERROR;
				GCC_WARN_UNDECLARED_SELECTOR = YES;
				GCC_WARN_UNINITIALIZED_AUTOS = YES_AGGRESSIVE;
				GCC_WARN_UNUSED_FUNCTION = YES;
				GCC_WARN_UNUSED_VARIABLE = YES;
				IPHONEOS_DEPLOYMENT_TARGET = 17.5;
				LOCALIZATION_PREFERS_STRING_CATALOGS = YES;
				MTL_ENABLE_DEBUG_INFO = INCLUDE_SOURCE;
				MTL_FAST_MATH = YES;
				ONLY_ACTIVE_ARCH = YES;
				SDKROOT = iphoneos;
				SWIFT_ACTIVE_COMPILATION_CONDITIONS = "DEBUG $(inherited)";
				SWIFT_OPTIMIZATION_LEVEL = "-Onone";
			};
			name = Debug;
		};
		32D4E93C2C0D560F0066DE8B /* Release */ = {
			isa = XCBuildConfiguration;
			buildSettings = {
				ALWAYS_SEARCH_USER_PATHS = NO;
				ASSETCATALOG_COMPILER_GENERATE_SWIFT_ASSET_SYMBOL_EXTENSIONS = YES;
				CLANG_ANALYZER_NONNULL = YES;
				CLANG_ANALYZER_NUMBER_OBJECT_CONVERSION = YES_AGGRESSIVE;
				CLANG_CXX_LANGUAGE_STANDARD = "gnu++20";
				CLANG_ENABLE_MODULES = YES;
				CLANG_ENABLE_OBJC_ARC = YES;
				CLANG_ENABLE_OBJC_WEAK = YES;
				CLANG_WARN_BLOCK_CAPTURE_AUTORELEASING = YES;
				CLANG_WARN_BOOL_CONVERSION = YES;
				CLANG_WARN_COMMA = YES;
				CLANG_WARN_CONSTANT_CONVERSION = YES;
				CLANG_WARN_DEPRECATED_OBJC_IMPLEMENTATIONS = YES;
				CLANG_WARN_DIRECT_OBJC_ISA_USAGE = YES_ERROR;
				CLANG_WARN_DOCUMENTATION_COMMENTS = YES;
				CLANG_WARN_EMPTY_BODY = YES;
				CLANG_WARN_ENUM_CONVERSION = YES;
				CLANG_WARN_INFINITE_RECURSION = YES;
				CLANG_WARN_INT_CONVERSION = YES;
				CLANG_WARN_NON_LITERAL_NULL_CONVERSION = YES;
				CLANG_WARN_OBJC_IMPLICIT_RETAIN_SELF = YES;
				CLANG_WARN_OBJC_LITERAL_CONVERSION = YES;
				CLANG_WARN_OBJC_ROOT_CLASS = YES_ERROR;
				CLANG_WARN_QUOTED_INCLUDE_IN_FRAMEWORK_HEADER = YES;
				CLANG_WARN_RANGE_LOOP_ANALYSIS = YES;
				CLANG_WARN_STRICT_PROTOTYPES = YES;
				CLANG_WARN_SUSPICIOUS_MOVE = YES;
				CLANG_WARN_UNGUARDED_AVAILABILITY = YES_AGGRESSIVE;
				CLANG_WARN_UNREACHABLE_CODE = YES;
				CLANG_WARN__DUPLICATE_METHOD_MATCH = YES;
				COPY_PHASE_STRIP = NO;
				DEBUG_INFORMATION_FORMAT = "dwarf-with-dsym";
				ENABLE_NS_ASSERTIONS = NO;
				ENABLE_STRICT_OBJC_MSGSEND = YES;
				ENABLE_USER_SCRIPT_SANDBOXING = YES;
				GCC_C_LANGUAGE_STANDARD = gnu17;
				GCC_NO_COMMON_BLOCKS = YES;
				GCC_WARN_64_TO_32_BIT_CONVERSION = YES;
				GCC_WARN_ABOUT_RETURN_TYPE = YES_ERROR;
				GCC_WARN_UNDECLARED_SELECTOR = YES;
				GCC_WARN_UNINITIALIZED_AUTOS = YES_AGGRESSIVE;
				GCC_WARN_UNUSED_FUNCTION = YES;
				GCC_WARN_UNUSED_VARIABLE = YES;
				IPHONEOS_DEPLOYMENT_TARGET = 17.5;
				LOCALIZATION_PREFERS_STRING_CATALOGS = YES;
				MTL_ENABLE_DEBUG_INFO = NO;
				MTL_FAST_MATH = YES;
				SDKROOT = iphoneos;
				SWIFT_COMPILATION_MODE = wholemodule;
				VALIDATE_PRODUCT = YES;
			};
			name = Release;
		};
		32D4E93E2C0D560F0066DE8B /* Debug */ = {
			isa = XCBuildConfiguration;
			buildSettings = {
				ASSETCATALOG_COMPILER_APPICON_NAME = AppIcon;
				ASSETCATALOG_COMPILER_GLOBAL_ACCENT_COLOR_NAME = AccentColor;
				CODE_SIGN_STYLE = Automatic;
				CURRENT_PROJECT_VERSION = 1;
				DEVELOPMENT_TEAM = MCTPZ2D22A;
				GENERATE_INFOPLIST_FILE = YES;
				INFOPLIST_FILE = WOW/Info.plist;
				INFOPLIST_KEY_UIApplicationSupportsIndirectInputEvents = YES;
				INFOPLIST_KEY_UILaunchStoryboardName = LaunchScreen;
				INFOPLIST_KEY_UIMainStoryboardFile = Main;
				INFOPLIST_KEY_UISupportedInterfaceOrientations_iPad = "UIInterfaceOrientationPortrait UIInterfaceOrientationPortraitUpsideDown UIInterfaceOrientationLandscapeLeft UIInterfaceOrientationLandscapeRight";
				INFOPLIST_KEY_UISupportedInterfaceOrientations_iPhone = "UIInterfaceOrientationPortrait UIInterfaceOrientationLandscapeLeft UIInterfaceOrientationLandscapeRight";
				LD_RUNPATH_SEARCH_PATHS = (
					"$(inherited)",
					"@executable_path/Frameworks",
				);
				MARKETING_VERSION = 1.0;
				PRODUCT_BUNDLE_IDENTIFIER = SW.WOW;
				PRODUCT_NAME = "$(TARGET_NAME)";
				SWIFT_EMIT_LOC_STRINGS = YES;
				SWIFT_VERSION = 5.0;
				TARGETED_DEVICE_FAMILY = "1,2";
			};
			name = Debug;
		};
		32D4E93F2C0D560F0066DE8B /* Release */ = {
			isa = XCBuildConfiguration;
			buildSettings = {
				ASSETCATALOG_COMPILER_APPICON_NAME = AppIcon;
				ASSETCATALOG_COMPILER_GLOBAL_ACCENT_COLOR_NAME = AccentColor;
				CODE_SIGN_STYLE = Automatic;
				CURRENT_PROJECT_VERSION = 1;
				DEVELOPMENT_TEAM = MCTPZ2D22A;
				GENERATE_INFOPLIST_FILE = YES;
				INFOPLIST_FILE = WOW/Info.plist;
				INFOPLIST_KEY_UIApplicationSupportsIndirectInputEvents = YES;
				INFOPLIST_KEY_UILaunchStoryboardName = LaunchScreen;
				INFOPLIST_KEY_UIMainStoryboardFile = Main;
				INFOPLIST_KEY_UISupportedInterfaceOrientations_iPad = "UIInterfaceOrientationPortrait UIInterfaceOrientationPortraitUpsideDown UIInterfaceOrientationLandscapeLeft UIInterfaceOrientationLandscapeRight";
				INFOPLIST_KEY_UISupportedInterfaceOrientations_iPhone = "UIInterfaceOrientationPortrait UIInterfaceOrientationLandscapeLeft UIInterfaceOrientationLandscapeRight";
				LD_RUNPATH_SEARCH_PATHS = (
					"$(inherited)",
					"@executable_path/Frameworks",
				);
				MARKETING_VERSION = 1.0;
				PRODUCT_BUNDLE_IDENTIFIER = SW.WOW;
				PRODUCT_NAME = "$(TARGET_NAME)";
				SWIFT_EMIT_LOC_STRINGS = YES;
				SWIFT_VERSION = 5.0;
				TARGETED_DEVICE_FAMILY = "1,2";
			};
			name = Release;
		};
		32D4E9412C0D560F0066DE8B /* Debug */ = {
			isa = XCBuildConfiguration;
			buildSettings = {
				ALWAYS_EMBED_SWIFT_STANDARD_LIBRARIES = YES;
				BUNDLE_LOADER = "$(TEST_HOST)";
				CODE_SIGN_STYLE = Automatic;
				CURRENT_PROJECT_VERSION = 1;
				DEVELOPMENT_TEAM = MCTPZ2D22A;
				GENERATE_INFOPLIST_FILE = YES;
				IPHONEOS_DEPLOYMENT_TARGET = 17.5;
				MARKETING_VERSION = 1.0;
				PRODUCT_BUNDLE_IDENTIFIER = SW.WOWTests;
				PRODUCT_NAME = "$(TARGET_NAME)";
				SWIFT_EMIT_LOC_STRINGS = NO;
				SWIFT_VERSION = 5.0;
				TARGETED_DEVICE_FAMILY = "1,2";
				TEST_HOST = "$(BUILT_PRODUCTS_DIR)/WOW.app/$(BUNDLE_EXECUTABLE_FOLDER_PATH)/WOW";
			};
			name = Debug;
		};
		32D4E9422C0D560F0066DE8B /* Release */ = {
			isa = XCBuildConfiguration;
			buildSettings = {
				ALWAYS_EMBED_SWIFT_STANDARD_LIBRARIES = YES;
				BUNDLE_LOADER = "$(TEST_HOST)";
				CODE_SIGN_STYLE = Automatic;
				CURRENT_PROJECT_VERSION = 1;
				DEVELOPMENT_TEAM = MCTPZ2D22A;
				GENERATE_INFOPLIST_FILE = YES;
				IPHONEOS_DEPLOYMENT_TARGET = 17.5;
				MARKETING_VERSION = 1.0;
				PRODUCT_BUNDLE_IDENTIFIER = SW.WOWTests;
				PRODUCT_NAME = "$(TARGET_NAME)";
				SWIFT_EMIT_LOC_STRINGS = NO;
				SWIFT_VERSION = 5.0;
				TARGETED_DEVICE_FAMILY = "1,2";
				TEST_HOST = "$(BUILT_PRODUCTS_DIR)/WOW.app/$(BUNDLE_EXECUTABLE_FOLDER_PATH)/WOW";
			};
			name = Release;
		};
		32D4E9442C0D560F0066DE8B /* Debug */ = {
			isa = XCBuildConfiguration;
			buildSettings = {
				ALWAYS_EMBED_SWIFT_STANDARD_LIBRARIES = YES;
				CODE_SIGN_STYLE = Automatic;
				CURRENT_PROJECT_VERSION = 1;
				DEVELOPMENT_TEAM = MCTPZ2D22A;
				GENERATE_INFOPLIST_FILE = YES;
				MARKETING_VERSION = 1.0;
				PRODUCT_BUNDLE_IDENTIFIER = SW.WOWUITests;
				PRODUCT_NAME = "$(TARGET_NAME)";
				SWIFT_EMIT_LOC_STRINGS = NO;
				SWIFT_VERSION = 5.0;
				TARGETED_DEVICE_FAMILY = "1,2";
				TEST_TARGET_NAME = WOW;
			};
			name = Debug;
		};
		32D4E9452C0D560F0066DE8B /* Release */ = {
			isa = XCBuildConfiguration;
			buildSettings = {
				ALWAYS_EMBED_SWIFT_STANDARD_LIBRARIES = YES;
				CODE_SIGN_STYLE = Automatic;
				CURRENT_PROJECT_VERSION = 1;
				DEVELOPMENT_TEAM = MCTPZ2D22A;
				GENERATE_INFOPLIST_FILE = YES;
				MARKETING_VERSION = 1.0;
				PRODUCT_BUNDLE_IDENTIFIER = SW.WOWUITests;
				PRODUCT_NAME = "$(TARGET_NAME)";
				SWIFT_EMIT_LOC_STRINGS = NO;
				SWIFT_VERSION = 5.0;
				TARGETED_DEVICE_FAMILY = "1,2";
				TEST_TARGET_NAME = WOW;
			};
			name = Release;
		};
/* End XCBuildConfiguration section */

/* Begin XCConfigurationList section */
		32D4E90E2C0D560D0066DE8B /* Build configuration list for PBXProject "WOW" */ = {
			isa = XCConfigurationList;
			buildConfigurations = (
				32D4E93B2C0D560F0066DE8B /* Debug */,
				32D4E93C2C0D560F0066DE8B /* Release */,
			);
			defaultConfigurationIsVisible = 0;
			defaultConfigurationName = Release;
		};
		32D4E93D2C0D560F0066DE8B /* Build configuration list for PBXNativeTarget "WOW" */ = {
			isa = XCConfigurationList;
			buildConfigurations = (
				32D4E93E2C0D560F0066DE8B /* Debug */,
				32D4E93F2C0D560F0066DE8B /* Release */,
			);
			defaultConfigurationIsVisible = 0;
			defaultConfigurationName = Release;
		};
		32D4E9402C0D560F0066DE8B /* Build configuration list for PBXNativeTarget "WOWTests" */ = {
			isa = XCConfigurationList;
			buildConfigurations = (
				32D4E9412C0D560F0066DE8B /* Debug */,
				32D4E9422C0D560F0066DE8B /* Release */,
			);
			defaultConfigurationIsVisible = 0;
			defaultConfigurationName = Release;
		};
		32D4E9432C0D560F0066DE8B /* Build configuration list for PBXNativeTarget "WOWUITests" */ = {
			isa = XCConfigurationList;
			buildConfigurations = (
				32D4E9442C0D560F0066DE8B /* Debug */,
				32D4E9452C0D560F0066DE8B /* Release */,
			);
			defaultConfigurationIsVisible = 0;
			defaultConfigurationName = Release;
		};
/* End XCConfigurationList section */

/* Begin XCRemoteSwiftPackageReference section */
		3213A5132C0FFFB10051D50B /* XCRemoteSwiftPackageReference "firebase-ios-sdk" */ = {
			isa = XCRemoteSwiftPackageReference;
			repositoryURL = "https://github.com/firebase/firebase-ios-sdk";
			requirement = {
				kind = upToNextMajorVersion;
				minimumVersion = 10.27.0;
			};
		};
/* End XCRemoteSwiftPackageReference section */

/* Begin XCSwiftPackageProductDependency section */
		3213A5142C0FFFB10051D50B /* FirebaseAnalytics */ = {
			isa = XCSwiftPackageProductDependency;
			package = 3213A5132C0FFFB10051D50B /* XCRemoteSwiftPackageReference "firebase-ios-sdk" */;
			productName = FirebaseAnalytics;
		};
		3213A5162C0FFFB10051D50B /* FirebaseDatabase */ = {
			isa = XCSwiftPackageProductDependency;
			package = 3213A5132C0FFFB10051D50B /* XCRemoteSwiftPackageReference "firebase-ios-sdk" */;
			productName = FirebaseDatabase;
		};
		3213A5182C0FFFB10051D50B /* FirebaseFirestore */ = {
			isa = XCSwiftPackageProductDependency;
			package = 3213A5132C0FFFB10051D50B /* XCRemoteSwiftPackageReference "firebase-ios-sdk" */;
			productName = FirebaseFirestore;
		};
		3213A51A2C0FFFB10051D50B /* FirebaseStorage */ = {
			isa = XCSwiftPackageProductDependency;
			package = 3213A5132C0FFFB10051D50B /* XCRemoteSwiftPackageReference "firebase-ios-sdk" */;
			productName = FirebaseStorage;
		};
		3213A51C2C1001200051D50B /* FirebaseAuth */ = {
			isa = XCSwiftPackageProductDependency;
			package = 3213A5132C0FFFB10051D50B /* XCRemoteSwiftPackageReference "firebase-ios-sdk" */;
			productName = FirebaseAuth;
		};
/* End XCSwiftPackageProductDependency section */
	};
	rootObject = 32D4E90B2C0D560D0066DE8B /* Project object */;
}
